<?xml version="1.0" encoding="UTF-8"?>
<CONFIG>
  <ProjectOptions>
    <Version Value="12"/>
    <General>
      <SessionStorage Value="InProjectDir"/>
      <AutoCreateForms Value="False"/>
      <Title Value="cife"/>
      <Scaled Value="True"/>
      <ResourceType Value="res"/>
      <UseXPManifest Value="True"/>
      <XPManifest>
        <DpiAware Value="True"/>
      </XPManifest>
      <Icon Value="0"/>
    </General>
    <i18n>
      <EnableI18N Value="True"/>
      <OutDir Value="languages"/>
    </i18n>
    <VersionInfo>
      <UseVersionInfo Value="True"/>
      <AutoIncrementBuild Value="True"/>
      <MinorVersionNr Value="1"/>
      <BuildNr Value="331"/>
      <StringTable FileDescription="CP/M Image-File Explorer" InternalName="CIFE" OriginalFilename="CIFE"/>
    </VersionInfo>
    <BuildModes>
      <Item Name="Default" Default="True"/>
      <Item Name="GTK-Debug_32bit">
        <MacroValues Count="1">
          <Macro4 Name="LCLWidgetType" Value="gtk2"/>
        </MacroValues>
        <CompilerOptions>
          <Version Value="11"/>
          <Target>
            <Filename Value="Build-$(BuildMode)_$(TargetCPU)/bin/cife"/>
          </Target>
          <SearchPaths>
            <IncludeFiles Value="$(ProjOutDir)"/>
            <OtherUnitFiles Value="Sources"/>
            <UnitOutputDirectory Value="Build-$(BuildMode)_$(TargetCPU)/lib"/>
          </SearchPaths>
          <Parsing>
            <SyntaxOptions>
              <IncludeAssertionCode Value="True"/>
            </SyntaxOptions>
          </Parsing>
          <CodeGeneration>
            <Checks>
              <IOChecks Value="True"/>
              <RangeChecks Value="True"/>
              <OverflowChecks Value="True"/>
              <StackChecks Value="True"/>
            </Checks>
            <VerifyObjMethodCallValidity Value="True"/>
            <TargetCPU Value="i386"/>
            <TargetOS Value="linux"/>
            <Optimizations>
              <OptimizationLevel Value="0"/>
            </Optimizations>
          </CodeGeneration>
          <Linking>
            <Debugging>
              <DebugInfoType Value="dsDwarf3"/>
              <UseHeaptrc Value="True"/>
              <TrashVariables Value="True"/>
              <UseExternalDbgSyms Value="True"/>
            </Debugging>
          </Linking>
        </CompilerOptions>
      </Item>
      <Item Name="GTK-Release_32bit">
        <MacroValues Count="1">
          <Macro4 Name="LCLWidgetType" Value="gtk2"/>
        </MacroValues>
        <CompilerOptions>
          <Version Value="11"/>
          <Target>
            <Filename Value="Build-$(BuildMode)_$(TargetCPU)/bin/cife"/>
          </Target>
          <SearchPaths>
            <IncludeFiles Value="$(ProjOutDir)"/>
            <OtherUnitFiles Value="Sources"/>
            <UnitOutputDirectory Value="Build-$(BuildMode)_$(TargetCPU)/lib"/>
          </SearchPaths>
          <CodeGeneration>
            <SmartLinkUnit Value="True"/>
            <TargetCPU Value="i386"/>
            <TargetOS Value="linux"/>
            <Optimizations>
              <OptimizationLevel Value="3"/>
            </Optimizations>
          </CodeGeneration>
          <Linking>
            <Debugging>
              <GenerateDebugInfo Value="False"/>
              <DebugInfoType Value="dsDwarf3"/>
              <StripSymbols Value="True"/>
            </Debugging>
            <LinkSmart Value="True"/>
          </Linking>
        </CompilerOptions>
      </Item>
      <Item Name="GTK-Debug_64bit">
        <MacroValues Count="1">
          <Macro4 Name="LCLWidgetType" Value="gtk2"/>
        </MacroValues>
        <CompilerOptions>
          <Version Value="11"/>
          <Target>
            <Filename Value="Build-$(BuildMode)_$(TargetCPU)/bin/cife"/>
          </Target>
          <SearchPaths>
            <IncludeFiles Value="$(ProjOutDir)"/>
            <OtherUnitFiles Value="Sources"/>
            <UnitOutputDirectory Value="Build-$(BuildMode)_$(TargetCPU)/lib"/>
          </SearchPaths>
          <Parsing>
            <SyntaxOptions>
              <IncludeAssertionCode Value="True"/>
            </SyntaxOptions>
          </Parsing>
          <CodeGeneration>
            <Checks>
              <IOChecks Value="True"/>
              <RangeChecks Value="True"/>
              <OverflowChecks Value="True"/>
              <StackChecks Value="True"/>
            </Checks>
            <VerifyObjMethodCallValidity Value="True"/>
            <TargetCPU Value="x86_64"/>
            <TargetOS Value="linux"/>
            <Optimizations>
              <OptimizationLevel Value="0"/>
            </Optimizations>
          </CodeGeneration>
          <Linking>
            <Debugging>
              <DebugInfoType Value="dsDwarf3"/>
              <UseHeaptrc Value="True"/>
              <TrashVariables Value="True"/>
              <UseExternalDbgSyms Value="True"/>
            </Debugging>
          </Linking>
        </CompilerOptions>
      </Item>
      <Item Name="GTK-Release_64bit">
        <MacroValues Count="1">
          <Macro4 Name="LCLWidgetType" Value="gtk2"/>
        </MacroValues>
        <CompilerOptions>
          <Version Value="11"/>
          <Target>
            <Filename Value="Build-$(BuildMode)_$(TargetCPU)/bin/cife"/>
          </Target>
          <SearchPaths>
            <IncludeFiles Value="$(ProjOutDir)"/>
            <OtherUnitFiles Value="Sources"/>
            <UnitOutputDirectory Value="Build-$(BuildMode)_$(TargetCPU)/lib"/>
          </SearchPaths>
          <CodeGeneration>
            <SmartLinkUnit Value="True"/>
            <TargetCPU Value="x86_64"/>
            <TargetOS Value="linux"/>
            <Optimizations>
              <OptimizationLevel Value="3"/>
            </Optimizations>
          </CodeGeneration>
          <Linking>
            <Debugging>
              <GenerateDebugInfo Value="False"/>
              <DebugInfoType Value="dsDwarf3"/>
              <StripSymbols Value="True"/>
            </Debugging>
            <LinkSmart Value="True"/>
          </Linking>
        </CompilerOptions>
      </Item>
      <Item Name="MSW-Debug_32bit">
        <MacroValues Count="1">
          <Macro5 Name="LCLWidgetType" Value="win32"/>
        </MacroValues>
        <CompilerOptions>
          <Version Value="11"/>
          <Target>
            <Filename Value="Build-$(BuildMode)_$(TargetCPU)/bin/cife"/>
          </Target>
          <SearchPaths>
            <IncludeFiles Value="$(ProjOutDir)"/>
            <OtherUnitFiles Value="Sources"/>
            <UnitOutputDirectory Value="Build-$(BuildMode)_$(TargetCPU)/lib"/>
          </SearchPaths>
          <Parsing>
            <SyntaxOptions>
              <IncludeAssertionCode Value="True"/>
            </SyntaxOptions>
          </Parsing>
          <CodeGeneration>
            <Checks>
              <IOChecks Value="True"/>
              <RangeChecks Value="True"/>
              <OverflowChecks Value="True"/>
              <StackChecks Value="True"/>
            </Checks>
            <VerifyObjMethodCallValidity Value="True"/>
            <TargetCPU Value="i386"/>
            <TargetOS Value="win32"/>
            <Optimizations>
              <OptimizationLevel Value="0"/>
            </Optimizations>
          </CodeGeneration>
          <Linking>
            <Debugging>
              <DebugInfoType Value="dsDwarf3"/>
              <UseHeaptrc Value="True"/>
              <TrashVariables Value="True"/>
              <UseExternalDbgSyms Value="True"/>
            </Debugging>
            <Options>
              <Win32>
                <GraphicApplication Value="True"/>
              </Win32>
            </Options>
          </Linking>
        </CompilerOptions>
      </Item>
      <Item Name="MSW-Release_32bit">
        <MacroValues Count="1">
          <Macro5 Name="LCLWidgetType" Value="win32"/>
        </MacroValues>
        <CompilerOptions>
          <Version Value="11"/>
          <Target>
            <Filename Value="Build-$(BuildMode)_$(TargetCPU)/bin/cife"/>
          </Target>
          <SearchPaths>
            <IncludeFiles Value="$(ProjOutDir)"/>
            <OtherUnitFiles Value="Sources"/>
            <UnitOutputDirectory Value="Build-$(BuildMode)_$(TargetCPU)/lib"/>
          </SearchPaths>
          <CodeGeneration>
            <SmartLinkUnit Value="True"/>
            <TargetCPU Value="i386"/>
            <TargetOS Value="win32"/>
            <Optimizations>
              <OptimizationLevel Value="3"/>
            </Optimizations>
          </CodeGeneration>
          <Linking>
            <Debugging>
              <GenerateDebugInfo Value="False"/>
              <DebugInfoType Value="dsDwarf3"/>
              <StripSymbols Value="True"/>
            </Debugging>
            <LinkSmart Value="True"/>
            <Options>
              <Win32>
                <GraphicApplication Value="True"/>
              </Win32>
            </Options>
          </Linking>
        </CompilerOptions>
      </Item>
      <Item Name="MSW-Debug_64bit">
        <MacroValues Count="1">
          <Macro5 Name="LCLWidgetType" Value="win32"/>
        </MacroValues>
        <CompilerOptions>
          <Version Value="11"/>
          <Target>
            <Filename Value="Build-$(BuildMode)_$(TargetCPU)/bin/cife"/>
          </Target>
          <SearchPaths>
            <IncludeFiles Value="$(ProjOutDir)"/>
            <OtherUnitFiles Value="Sources"/>
            <UnitOutputDirectory Value="Build-$(BuildMode)_$(TargetCPU)/lib"/>
          </SearchPaths>
          <Parsing>
            <SyntaxOptions>
              <IncludeAssertionCode Value="True"/>
            </SyntaxOptions>
          </Parsing>
          <CodeGeneration>
            <Checks>
              <IOChecks Value="True"/>
              <RangeChecks Value="True"/>
              <OverflowChecks Value="True"/>
              <StackChecks Value="True"/>
            </Checks>
            <VerifyObjMethodCallValidity Value="True"/>
            <TargetCPU Value="x86_64"/>
            <TargetOS Value="win64"/>
            <Optimizations>
              <OptimizationLevel Value="0"/>
            </Optimizations>
          </CodeGeneration>
          <Linking>
            <Debugging>
              <DebugInfoType Value="dsDwarf3"/>
              <UseHeaptrc Value="True"/>
              <TrashVariables Value="True"/>
              <UseExternalDbgSyms Value="True"/>
            </Debugging>
            <Options>
              <Win32>
                <GraphicApplication Value="True"/>
              </Win32>
            </Options>
          </Linking>
        </CompilerOptions>
      </Item>
      <Item Name="MSW-Release_64bit">
        <MacroValues Count="1">
          <Macro5 Name="LCLWidgetType" Value="win32"/>
        </MacroValues>
        <CompilerOptions>
          <Version Value="11"/>
          <Target>
            <Filename Value="Build-$(BuildMode)_$(TargetCPU)/bin/cife"/>
          </Target>
          <SearchPaths>
            <IncludeFiles Value="$(ProjOutDir)"/>
            <OtherUnitFiles Value="Sources"/>
            <UnitOutputDirectory Value="Build-$(BuildMode)_$(TargetCPU)/lib"/>
          </SearchPaths>
          <CodeGeneration>
            <SmartLinkUnit Value="True"/>
            <TargetCPU Value="x86_64"/>
            <TargetOS Value="win64"/>
            <Optimizations>
              <OptimizationLevel Value="3"/>
            </Optimizations>
          </CodeGeneration>
          <Linking>
            <Debugging>
              <GenerateDebugInfo Value="False"/>
              <DebugInfoType Value="dsDwarf3"/>
              <StripSymbols Value="True"/>
            </Debugging>
            <LinkSmart Value="True"/>
            <Options>
              <Win32>
                <GraphicApplication Value="True"/>
              </Win32>
            </Options>
          </Linking>
        </CompilerOptions>
      </Item>
      <SharedMatrixOptions Count="5">
        <Item1 ID="389553795236" Modes="GTK-Debug_64bit,GTK-Debug_32bit,MSW-Debug_32bit,MSW-Debug_64bit" Value="-d_DEBUG_"/>
        <Item2 ID="854525153164" Modes="GTK-Release_64bit,GTK-Release_32bit,MSW-Release_32bit,MSW-Release_64bit" Value="-d_RELEASE_"/>
        <Item3 ID="319618284339" Modes="GTK-Debug_64bit,GTK-Release_64bit,GTK-Release_32bit,GTK-Debug_32bit,MSW-Debug_32bit,MSW-Release_32bit,MSW-Debug_64bit,MSW-Release_64bit" Value="-dUseCThreads"/>
        <Item4 ID="493932439264" Modes="GTK-Debug_64bit,GTK-Release_64bit,GTK-Release_32bit,GTK-Debug_32bit" Type="IDEMacro" MacroName="LCLWidgetType" Value="gtk2"/>
        <Item5 ID="738552120982" Modes="MSW-Release_64bit,MSW-Debug_64bit,MSW-Release_32bit,MSW-Debug_32bit" Type="IDEMacro" MacroName="LCLWidgetType" Value="win32"/>
      </SharedMatrixOptions>
    </BuildModes>
    <PublishOptions>
      <Version Value="2"/>
      <UseFileFilters Value="True"/>
    </PublishOptions>
    <RunParams>
      <FormatVersion Value="2"/>
    </RunParams>
    <RequiredPackages>
      <Item>
        <PackageName Value="LazControls"/>
      </Item>
      <Item>
        <PackageName Value="LCL"/>
      </Item>
    </RequiredPackages>
    <Units>
      <Unit>
        <Filename Value="cife.lpr"/>
        <IsPartOfProject Value="True"/>
      </Unit>
      <Unit>
        <Filename Value="Sources/main_window.pas"/>
        <IsPartOfProject Value="True"/>
        <ComponentName Value="MainWindow"/>
        <HasResources Value="True"/>
        <ResourceBaseClass Value="Form"/>
        <UnitName Value="Main_Window"/>
      </Unit>
      <Unit>
        <Filename Value="Sources/newimage_dialog.pas"/>
        <IsPartOfProject Value="True"/>
        <ComponentName Value="NewImageDialog"/>
        <HasResources Value="True"/>
        <ResourceBaseClass Value="Form"/>
        <UnitName Value="NewImage_Dialog"/>
      </Unit>
      <Unit>
        <Filename Value="Sources/file_dialog.pas"/>
        <IsPartOfProject Value="True"/>
        <ComponentName Value="FileDialog"/>
        <HasResources Value="True"/>
        <ResourceBaseClass Value="Form"/>
        <UnitName Value="File_Dialog"/>
      </Unit>
      <Unit>
        <Filename Value="Sources/renamefile_dialog.pas"/>
        <IsPartOfProject Value="True"/>
        <ComponentName Value="RenameFileDialog"/>
        <HasResources Value="True"/>
        <ResourceBaseClass Value="Form"/>
        <UnitName Value="RenameFile_Dialog"/>
      </Unit>
      <Unit>
        <Filename Value="Sources/characteristics_dialog.pas"/>
        <IsPartOfProject Value="True"/>
        <ComponentName Value="CharacteristicsDialog"/>
        <HasResources Value="True"/>
        <ResourceBaseClass Value="Form"/>
        <UnitName Value="Characteristics_Dialog"/>
      </Unit>
      <Unit>
        <Filename Value="Sources/settings_dialog.pas"/>
        <IsPartOfProject Value="True"/>
        <ComponentName Value="SettingsDialog"/>
        <HasResources Value="True"/>
        <ResourceBaseClass Value="Form"/>
        <UnitName Value="Settings_Dialog"/>
      </Unit>
      <Unit>
        <Filename Value="Sources/about_dialog.pas"/>
        <IsPartOfProject Value="True"/>
        <ComponentName Value="AboutDialog"/>
        <HasResources Value="True"/>
        <ResourceBaseClass Value="Form"/>
        <UnitName Value="About_Dialog"/>
      </Unit>
      <Unit>
        <Filename Value="Sources/imagepage.pas"/>
        <IsPartOfProject Value="True"/>
        <UnitName Value="ImagePage"/>
      </Unit>
      <Unit>
        <Filename Value="Sources/imagefilehistory.pas"/>
        <IsPartOfProject Value="True"/>
        <UnitName Value="ImageFileHistory"/>
      </Unit>
      <Unit>
        <Filename Value="Sources/versioninfo.pas"/>
        <IsPartOfProject Value="True"/>
        <UnitName Value="VersionInfo"/>
      </Unit>
      <Unit>
        <Filename Value="Sources/xmlsettings.pas"/>
        <IsPartOfProject Value="True"/>
        <UnitName Value="XMLSettings"/>
      </Unit>
      <Unit>
        <Filename Value="Sources/cifeglobals.pas"/>
        <IsPartOfProject Value="True"/>
        <UnitName Value="CifeGlobals"/>
      </Unit>
      <Unit>
        <Filename Value="Sources/cpmdevice.pas"/>
        <IsPartOfProject Value="True"/>
        <UnitName Value="CpmDevice"/>
      </Unit>
      <Unit>
        <Filename Value="Sources/cpmfilesystem.pas"/>
        <IsPartOfProject Value="True"/>
        <UnitName Value="CpmFileSystem"/>
      </Unit>
      <Unit>
        <Filename Value="Sources/cpmtools.pas"/>
        <IsPartOfProject Value="True"/>
        <UnitName Value="CpmTools"/>
      </Unit>
      <Unit>
        <Filename Value="Sources/cpmdefs.pas"/>
        <IsPartOfProject Value="True"/>
        <UnitName Value="CpmDefs"/>
      </Unit>
    </Units>
  </ProjectOptions>
  <CompilerOptions>
    <Version Value="11"/>
    <Target>
      <Filename Value="Build-$(BuildMode)_$(TargetCPU)/bin/cife"/>
    </Target>
    <SearchPaths>
      <IncludeFiles Value="$(ProjOutDir)"/>
      <OtherUnitFiles Value="Sources"/>
      <UnitOutputDirectory Value="Build-$(BuildMode)_$(TargetCPU)/lib"/>
    </SearchPaths>
    <Parsing>
      <SyntaxOptions>
        <IncludeAssertionCode Value="True"/>
      </SyntaxOptions>
    </Parsing>
    <CodeGeneration>
      <Checks>
        <IOChecks Value="True"/>
        <RangeChecks Value="True"/>
        <OverflowChecks Value="True"/>
        <StackChecks Value="True"/>
      </Checks>
      <VerifyObjMethodCallValidity Value="True"/>
    </CodeGeneration>
    <Linking>
      <Debugging>
        <DebugInfoType Value="dsDwarf3"/>
        <UseHeaptrc Value="True"/>
      </Debugging>
      <Options>
        <Win32>
          <GraphicApplication Value="True"/>
        </Win32>
      </Options>
    </Linking>
  </CompilerOptions>
  <Debugging>
    <Exceptions>
      <Item>
        <Name Value="EAbort"/>
      </Item>
      <Item>
        <Name Value="ECodetoolError"/>
      </Item>
      <Item>
        <Name Value="EFOpenError"/>
      </Item>
    </Exceptions>
  </Debugging>
</CONFIG>
